
Microsoft Visual Studio Solution File, Format Version 12.00
# Visual Studio Version 16
VisualStudioVersion = 16.0.30011.22
MinimumVisualStudioVersion = 10.0.40219.1
Project("{FAE04EC0-301F-11D3-BF4B-00C04F79EFBC}") = "Xunit.RunWith", "Xunit.RunWith\Xunit.RunWith.csproj", "{4EFE063D-690C-47F0-831C-98379259DDEF}"
EndProject
Project("{FAE04EC0-301F-11D3-BF4B-00C04F79EFBC}") = "Xunit.RunWithTests", "Xunit.RunWithTests\Xunit.RunWithTests.csproj", "{5E57E6E7-A53F-49F4-A231-CBAF52BCB3A1}"
EndProject
Global
	GlobalSection(SolutionConfigurationPlatforms) = preSolution
		Debug|Any CPU = Debug|Any CPU
		Release|Any CPU = Release|Any CPU
	EndGlobalSection
	GlobalSection(ProjectConfigurationPlatforms) = postSolution
		{4EFE063D-690C-47F0-831C-98379259DDEF}.Debug|Any CPU.ActiveCfg = Debug|Any CPU
		{4EFE063D-690C-47F0-831C-98379259DDEF}.Debug|Any CPU.Build.0 = Debug|Any CPU
		{4EFE063D-690C-47F0-831C-98379259DDEF}.Release|Any CPU.ActiveCfg = Release|Any CPU
		{4EFE063D-690C-47F0-831C-98379259DDEF}.Release|Any CPU.Build.0 = Release|Any CPU
		{5E57E6E7-A53F-49F4-A231-CBAF52BCB3A1}.Debug|Any CPU.ActiveCfg = Debug|Any CPU
		{5E57E6E7-A53F-49F4-A231-CBAF52BCB3A1}.Debug|Any CPU.Build.0 = Debug|Any CPU
		{5E57E6E7-A53F-49F4-A231-CBAF52BCB3A1}.Release|Any CPU.ActiveCfg = Release|Any CPU
		{5E57E6E7-A53F-49F4-A231-CBAF52BCB3A1}.Release|Any CPU.Build.0 = Release|Any CPU
	EndGlobalSection
	GlobalSection(SolutionProperties) = preSolution
		HideSolutionNode = FALSE
	EndGlobalSection
	GlobalSection(ExtensibilityGlobals) = postSolution
		SolutionGuid = {49A231F2-DBEA-4610-96BC-D967191B6682}
	EndGlobalSection
EndGlobal
